// !$*UTF8*$!
{
	archiveVersion = 1;
	classes = {
	};
	objectVersion = 50;
	objects = {

/* Begin PBXBuildFile section */
		040F0C6B24264ED800B5064B /* GameSound.mp3 in Resources */ = {isa = PBXBuildFile; fileRef = 040F0C6A24264ED800B5064B /* GameSound.mp3 */; };
		044BA90D2426036A0081679D /* AppDelegate.swift in Sources */ = {isa = PBXBuildFile; fileRef = 044BA90C2426036A0081679D /* AppDelegate.swift */; };
		044BA90F2426036A0081679D /* SceneDelegate.swift in Sources */ = {isa = PBXBuildFile; fileRef = 044BA90E2426036A0081679D /* SceneDelegate.swift */; };
		044BA9112426036A0081679D /* ViewController.swift in Sources */ = {isa = PBXBuildFile; fileRef = 044BA9102426036A0081679D /* ViewController.swift */; };
		044BA9142426036A0081679D /* Main.storyboard in Resources */ = {isa = PBXBuildFile; fileRef = 044BA9122426036A0081679D /* Main.storyboard */; };
		044BA916242603710081679D /* Assets.xcassets in Resources */ = {isa = PBXBuildFile; fileRef = 044BA915242603710081679D /* Assets.xcassets */; };
		044BA919242603710081679D /* LaunchScreen.storyboard in Resources */ = {isa = PBXBuildFile; fileRef = 044BA917242603710081679D /* LaunchScreen.storyboard */; };
		044BA92124260A4A0081679D /* IBElements.swift in Sources */ = {isa = PBXBuildFile; fileRef = 044BA92024260A4A0081679D /* IBElements.swift */; };
		044BA923242626AE0081679D /* SingleplayerViewController.swift in Sources */ = {isa = PBXBuildFile; fileRef = 044BA922242626AE0081679D /* SingleplayerViewController.swift */; };
		044BA925242626BA0081679D /* MultiplayerViewController.swift in Sources */ = {isa = PBXBuildFile; fileRef = 044BA924242626BA0081679D /* MultiplayerViewController.swift */; };
		044BA9272426422E0081679D /* Vibrate.swift in Sources */ = {isa = PBXBuildFile; fileRef = 044BA9262426422E0081679D /* Vibrate.swift */; };
		044BA92924264B0A0081679D /* coin.mp3 in Resources */ = {isa = PBXBuildFile; fileRef = 044BA92824264B0A0081679D /* coin.mp3 */; };
/* End PBXBuildFile section */

/* Begin PBXFileReference section */
		040F0C6A24264ED800B5064B /* GameSound.mp3 */ = {isa = PBXFileReference; lastKnownFileType = audio.mp3; path = GameSound.mp3; sourceTree = "<group>"; };
		044BA9092426036A0081679D /* TicTacToeV2.app */ = {isa = PBXFileReference; explicitFileType = wrapper.application; includeInIndex = 0; path = TicTacToeV2.app; sourceTree = BUILT_PRODUCTS_DIR; };
		044BA90C2426036A0081679D /* AppDelegate.swift */ = {isa = PBXFileReference; lastKnownFileType = sourcecode.swift; path = AppDelegate.swift; sourceTree = "<group>"; };
		044BA90E2426036A0081679D /* SceneDelegate.swift */ = {isa = PBXFileReference; lastKnownFileType = sourcecode.swift; path = SceneDelegate.swift; sourceTree = "<group>"; };
		044BA9102426036A0081679D /* ViewController.swift */ = {isa = PBXFileReference; lastKnownFileType = sourcecode.swift; path = ViewController.swift; sourceTree = "<group>"; };
		044BA9132426036A0081679D /* Base */ = {isa = PBXFileReference; lastKnownFileType = file.storyboard; name = Base; path = Base.lproj/Main.storyboard; sourceTree = "<group>"; };
		044BA915242603710081679D /* Assets.xcassets */ = {isa = PBXFileReference; lastKnownFileType = folder.assetcatalog; path = Assets.xcassets; sourceTree = "<group>"; };
		044BA918242603710081679D /* Base */ = {isa = PBXFileReference; lastKnownFileType = file.storyboard; name = Base; path = Base.lproj/LaunchScreen.storyboard; sourceTree = "<group>"; };
		044BA91A242603710081679D /* Info.plist */ = {isa = PBXFileReference; lastKnownFileType = text.plist.xml; path = Info.plist; sourceTree = "<group>"; };
		044BA92024260A4A0081679D /* IBElements.swift */ = {isa = PBXFileReference; lastKnownFileType = sourcecode.swift; path = IBElements.swift; sourceTree = "<group>"; };
		044BA922242626AE0081679D /* SingleplayerViewController.swift */ = {isa = PBXFileReference; lastKnownFileType = sourcecode.swift; path = SingleplayerViewController.swift; sourceTree = "<group>"; };
		044BA924242626BA0081679D /* MultiplayerViewController.swift */ = {isa = PBXFileReference; lastKnownFileType = sourcecode.swift; path = MultiplayerViewController.swift; sourceTree = "<group>"; };
		044BA9262426422E0081679D /* Vibrate.swift */ = {isa = PBXFileReference; lastKnownFileType = sourcecode.swift; path = Vibrate.swift; sourceTree = "<group>"; };
		044BA92824264B0A0081679D /* coin.mp3 */ = {isa = PBXFileReference; lastKnownFileType = audio.mp3; path = coin.mp3; sourceTree = "<group>"; };
/* End PBXFileReference section */

/* Begin PBXFrameworksBuildPhase section */
		044BA9062426036A0081679D /* Frameworks */ = {
			isa = PBXFrameworksBuildPhase;
			buildActionMask = 2147483647;
			files = (
			);
			runOnlyForDeploymentPostprocessing = 0;
		};
/* End PBXFrameworksBuildPhase section */

/* Begin PBXGroup section */
		044BA9002426036A0081679D = {
			isa = PBXGroup;
			children = (
				044BA90B2426036A0081679D /* TicTacToeV2 */,
				044BA90A2426036A0081679D /* Products */,
			);
			sourceTree = "<group>";
		};
		044BA90A2426036A0081679D /* Products */ = {
			isa = PBXGroup;
			children = (
				044BA9092426036A0081679D /* TicTacToeV2.app */,
			);
			name = Products;
			sourceTree = "<group>";
		};
		044BA90B2426036A0081679D /* TicTacToeV2 */ = {
			isa = PBXGroup;
			children = (
				044BA92824264B0A0081679D /* coin.mp3 */,
				044BA90C2426036A0081679D /* AppDelegate.swift */,
				044BA90E2426036A0081679D /* SceneDelegate.swift */,
				044BA9102426036A0081679D /* ViewController.swift */,
				044BA9262426422E0081679D /* Vibrate.swift */,
				044BA9122426036A0081679D /* Main.storyboard */,
				044BA922242626AE0081679D /* SingleplayerViewController.swift */,
				044BA924242626BA0081679D /* MultiplayerViewController.swift */,
				044BA915242603710081679D /* Assets.xcassets */,
				044BA917242603710081679D /* LaunchScreen.storyboard */,
				044BA91A242603710081679D /* Info.plist */,
				044BA92024260A4A0081679D /* IBElements.swift */,
				040F0C6A24264ED800B5064B /* GameSound.mp3 */,
			);
			path = TicTacToeV2;
			sourceTree = "<group>";
		};
/* End PBXGroup section */

/* Begin PBXNativeTarget section */
		044BA9082426036A0081679D /* TicTacToeV2 */ = {
			isa = PBXNativeTarget;
			buildConfigurationList = 044BA91D242603710081679D /* Build configuration list for PBXNativeTarget "TicTacToeV2" */;
			buildPhases = (
				044BA9052426036A0081679D /* Sources */,
				044BA9062426036A0081679D /* Frameworks */,
				044BA9072426036A0081679D /* Resources */,
			);
			buildRules = (
			);
			dependencies = (
			);
			name = TicTacToeV2;
			productName = TicTacToeV2;
			productReference = 044BA9092426036A0081679D /* TicTacToeV2.app */;
			productType = "com.apple.product-type.application";
		};
/* End PBXNativeTarget section */

/* Begin PBXProject section */
		044BA9012426036A0081679D /* Project object */ = {
			isa = PBXProject;
			attributes = {
				LastSwiftUpdateCheck = 1120;
				LastUpgradeCheck = 1120;
				ORGANIZATIONNAME = Sw2x;
				TargetAttributes = {
					044BA9082426036A0081679D = {
						CreatedOnToolsVersion = 11.2.1;
					};
				};
			};
			buildConfigurationList = 044BA9042426036A0081679D /* Build configuration list for PBXProject "TicTacToeV2" */;
			compatibilityVersion = "Xcode 9.3";
			developmentRegion = en;
			hasScannedForEncodings = 0;
			knownRegions = (
				en,
				Base,
			);
			mainGroup = 044BA9002426036A0081679D;
			productRefGroup = 044BA90A2426036A0081679D /* Products */;
			projectDirPath = "";
			projectRoot = "";
			targets = (
				044BA9082426036A0081679D /* TicTacToeV2 */,
			);
		};
/* End PBXProject section */

/* Begin PBXResourcesBuildPhase section */
		044BA9072426036A0081679D /* Resources */ = {
			isa = PBXResourcesBuildPhase;
			buildActionMask = 2147483647;
			files = (
				040F0C6B24264ED800B5064B /* GameSound.mp3 in Resources */,
				044BA919242603710081679D /* LaunchScreen.storyboard in Resources */,
				044BA916242603710081679D /* Assets.xcassets in Resources */,
				044BA9142426036A0081679D /* Main.storyboard in Resources */,
				044BA92924264B0A0081679D /* coin.mp3 in Resources */,
			);
			runOnlyForDeploymentPostprocessing = 0;
		};
/* End PBXResourcesBuildPhase section */

/* Begin PBXSourcesBuildPhase section */
		044BA9052426036A0081679D /* Sources */ = {
			isa = PBXSourcesBuildPhase;
			buildActionMask = 2147483647;
			files = (
				044BA9112426036A0081679D /* ViewController.swift in Sources */,
				044BA925242626BA0081679D /* MultiplayerViewController.swift in Sources */,
				044BA90D2426036A0081679D /* AppDelegate.swift in Sources */,
				044BA90F2426036A0081679D /* SceneDelegate.swift in Sources */,
				044BA923242626AE0081679D /* SingleplayerViewController.swift in Sources */,
				044BA9272426422E0081679D /* Vibrate.swift in Sources */,
				044BA92124260A4A0081679D /* IBElements.swift in Sources */,
			);
			runOnlyForDeploymentPostprocessing = 0;
		};
/* End PBXSourcesBuildPhase section */

/* Begin PBXVariantGroup section */
		044BA9122426036A0081679D /* Main.storyboard */ = {
			isa = PBXVariantGroup;
			children = (
				044BA9132426036A0081679D /* Base */,
			);
			name = Main.storyboard;
			sourceTree = "<group>";
		};
		044BA917242603710081679D /* LaunchScreen.storyboard */ = {
			isa = PBXVariantGroup;
			children = (
				044BA918242603710081679D /* Base */,
			);
			name = LaunchScreen.storyboard;
			sourceTree = "<group>";
		};
/* End PBXVariantGroup section */

/* Begin XCBuildConfiguration section */
		044BA91B242603710081679D /* Debug */ = {
			isa = XCBuildConfiguration;
			buildSettings = {
				ALWAYS_SEARCH_USER_PATHS = NO;
				CLANG_ANALYZER_NONNULL = YES;
				CLANG_ANALYZER_NUMBER_OBJECT_CONVERSION = YES_AGGRESSIVE;
				CLANG_CXX_LANGUAGE_STANDARD = "gnu++14";
				CLANG_CXX_LIBRARY = "libc++";
				CLANG_ENABLE_MODULES = YES;
				CLANG_ENABLE_OBJC_ARC = YES;
				CLANG_ENABLE_OBJC_WEAK = YES;
				CLANG_WARN_BLOCK_CAPTURE_AUTORELEASING = YES;
				CLANG_WARN_BOOL_CONVERSION = YES;
				CLANG_WARN_COMMA = YES;
				CLANG_WARN_CONSTANT_CONVERSION = YES;
				CLANG_WARN_DEPRECATED_OBJC_IMPLEMENTATIONS = YES;
				CLANG_WARN_DIRECT_OBJC_ISA_USAGE = YES_ERROR;
				CLANG_WARN_DOCUMENTATION_COMMENTS = YES;
				CLANG_WARN_EMPTY_BODY = YES;
				CLANG_WARN_ENUM_CONVERSION = YES;
				CLANG_WARN_INFINITE_RECURSION = YES;
				CLANG_WARN_INT_CONVERSION = YES;
				CLANG_WARN_NON_LITERAL_NULL_CONVERSION = YES;
				CLANG_WARN_OBJC_IMPLICIT_RETAIN_SELF = YES;
				CLANG_WARN_OBJC_LITERAL_CONVERSION = YES;
				CLANG_WARN_OBJC_ROOT_CLASS = YES_ERROR;
				CLANG_WARN_RANGE_LOOP_ANALYSIS = YES;
				CLANG_WARN_STRICT_PROTOTYPES = YES;
				CLANG_WARN_SUSPICIOUS_MOVE = YES;
				CLANG_WARN_UNGUARDED_AVAILABILITY = YES_AGGRESSIVE;
				CLANG_WARN_UNREACHABLE_CODE = YES;
				CLANG_WARN__DUPLICATE_METHOD_MATCH = YES;
				COPY_PHASE_STRIP = NO;
				DEBUG_INFORMATION_FORMAT = dwarf;
				ENABLE_STRICT_OBJC_MSGSEND = YES;
				ENABLE_TESTABILITY = YES;
				GCC_C_LANGUAGE_STANDARD = gnu11;
				GCC_DYNAMIC_NO_PIC = NO;
				GCC_NO_COMMON_BLOCKS = YES;
				GCC_OPTIMIZATION_LEVEL = 0;
				GCC_PREPROCESSOR_DEFINITIONS = (
					"DEBUG=1",
					"$(inherited)",
				);
				GCC_WARN_64_TO_32_BIT_CONVERSION = YES;
				GCC_WARN_ABOUT_RETURN_TYPE = YES_ERROR;
				GCC_WARN_UNDECLARED_SELECTOR = YES;
				GCC_WARN_UNINITIALIZED_AUTOS = YES_AGGRESSIVE;
				GCC_WARN_UNUSED_FUNCTION = YES;
				GCC_WARN_UNUSED_VARIABLE = YES;
				IPHONEOS_DEPLOYMENT_TARGET = 13.2;
				MTL_ENABLE_DEBUG_INFO = INCLUDE_SOURCE;
				MTL_FAST_MATH = YES;
				ONLY_ACTIVE_ARCH = YES;
				SDKROOT = iphoneos;
				SWIFT_ACTIVE_COMPILATION_CONDITIONS = DEBUG;
				SWIFT_OPTIMIZATION_LEVEL = "-Onone";
			};
			name = Debug;
		};
		044BA91C242603710081679D /* Release */ = {
			isa = XCBuildConfiguration;
			buildSettings = {
				ALWAYS_SEARCH_USER_PATHS = NO;
				CLANG_ANALYZER_NONNULL = YES;
				CLANG_ANALYZER_NUMBER_OBJECT_CONVERSION = YES_AGGRESSIVE;
				CLANG_CXX_LANGUAGE_STANDARD = "gnu++14";
				CLANG_CXX_LIBRARY = "libc++";
				CLANG_ENABLE_MODULES = YES;
				CLANG_ENABLE_OBJC_ARC = YES;
				CLANG_ENABLE_OBJC_WEAK = YES;
				CLANG_WARN_BLOCK_CAPTURE_AUTORELEASING = YES;
				CLANG_WARN_BOOL_CONVERSION = YES;
				CLANG_WARN_COMMA = YES;
				CLANG_WARN_CONSTANT_CONVERSION = YES;
				CLANG_WARN_DEPRECATED_OBJC_IMPLEMENTATIONS = YES;
				CLANG_WARN_DIRECT_OBJC_ISA_USAGE = YES_ERROR;
				CLANG_WARN_DOCUMENTATION_COMMENTS = YES;
				CLANG_WARN_EMPTY_BODY = YES;
				CLANG_WARN_ENUM_CONVERSION = YES;
				CLANG_WARN_INFINITE_RECURSION = YES;
				CLANG_WARN_INT_CONVERSION = YES;
				CLANG_WARN_NON_LITERAL_NULL_CONVERSION = YES;
				CLANG_WARN_OBJC_IMPLICIT_RETAIN_SELF = YES;
				CLANG_WARN_OBJC_LITERAL_CONVERSION = YES;
				CLANG_WARN_OBJC_ROOT_CLASS = YES_ERROR;
				CLANG_WARN_RANGE_LOOP_ANALYSIS = YES;
				CLANG_WARN_STRICT_PROTOTYPES = YES;
				CLANG_WARN_SUSPICIOUS_MOVE = YES;
				CLANG_WARN_UNGUARDED_AVAILABILITY = YES_AGGRESSIVE;
				CLANG_WARN_UNREACHABLE_CODE = YES;
				CLANG_WARN__DUPLICATE_METHOD_MATCH = YES;
				COPY_PHASE_STRIP = NO;
				DEBUG_INFORMATION_FORMAT = "dwarf-with-dsym";
				ENABLE_NS_ASSERTIONS = NO;
				ENABLE_STRICT_OBJC_MSGSEND = YES;
				GCC_C_LANGUAGE_STANDARD = gnu11;
				GCC_NO_COMMON_BLOCKS = YES;
				GCC_WARN_64_TO_32_BIT_CONVERSION = YES;
				GCC_WARN_ABOUT_RETURN_TYPE = YES_ERROR;
				GCC_WARN_UNDECLARED_SELECTOR = YES;
				GCC_WARN_UNINITIALIZED_AUTOS = YES_AGGRESSIVE;
				GCC_WARN_UNUSED_FUNCTION = YES;
				GCC_WARN_UNUSED_VARIABLE = YES;
				IPHONEOS_DEPLOYMENT_TARGET = 13.2;
				MTL_ENABLE_DEBUG_INFO = NO;
				MTL_FAST_MATH = YES;
				SDKROOT = iphoneos;
				SWIFT_COMPILATION_MODE = wholemodule;
				SWIFT_OPTIMIZATION_LEVEL = "-O";
				VALIDATE_PRODUCT = YES;
			};
			name = Release;
		};
		044BA91E242603710081679D /* Debug */ = {
			isa = XCBuildConfiguration;
			buildSettings = {
				ASSETCATALOG_COMPILER_APPICON_NAME = AppIcon;
				CODE_SIGN_STYLE = Automatic;
				DEVELOPMENT_TEAM = DUUDN8Q7WV;
				INFOPLIST_FILE = TicTacToeV2/Info.plist;
				IPHONEOS_DEPLOYMENT_TARGET = 10.0;
				LD_RUNPATH_SEARCH_PATHS = (
					"$(inherited)",
					"@executable_path/Frameworks",
				);
				PRODUCT_BUNDLE_IDENTIFIER = com.sw2x.TicTacToeV2;
				PRODUCT_NAME = "$(TARGET_NAME)";
				SWIFT_VERSION = 5.0;
				TARGETED_DEVICE_FAMILY = "1,2";
			};
			name = Debug;
		};
		044BA91F242603710081679D /* Release */ = {
			isa = XCBuildConfiguration;
			buildSettings = {
				ASSETCATALOG_COMPILER_APPICON_NAME = AppIcon;
				CODE_SIGN_STYLE = Automatic;
				DEVELOPMENT_TEAM = DUUDN8Q7WV;
				INFOPLIST_FILE = TicTacToeV2/Info.plist;
				IPHONEOS_DEPLOYMENT_TARGET = 10.0;
				LD_RUNPATH_SEARCH_PATHS = (
					"$(inherited)",
					"@executable_path/Frameworks",
				);
				PRODUCT_BUNDLE_IDENTIFIER = com.sw2x.TicTacToeV2;
				PRODUCT_NAME = "$(TARGET_NAME)";
				SWIFT_VERSION = 5.0;
				TARGETED_DEVICE_FAMILY = "1,2";
			};
			name = Release;
		};
/* End XCBuildConfiguration section */

/* Begin XCConfigurationList section */
		044BA9042426036A0081679D /* Build configuration list for PBXProject "TicTacToeV2" */ = {
			isa = XCConfigurationList;
			buildConfigurations = (
				044BA91B242603710081679D /* Debug */,
				044BA91C242603710081679D /* Release */,
			);
			defaultConfigurationIsVisible = 0;
			defaultConfigurationName = Release;
		};
		044BA91D242603710081679D /* Build configuration list for PBXNativeTarget "TicTacToeV2" */ = {
			isa = XCConfigurationList;
			buildConfigurations = (
				044BA91E242603710081679D /* Debug */,
				044BA91F242603710081679D /* Release */,
			);
			defaultConfigurationIsVisible = 0;
			defaultConfigurationName = Release;
		};
/* End XCConfigurationList section */
	};
	rootObject = 044BA9012426036A0081679D /* Project object */;
}
