// !$*UTF8*$!
{
	archiveVersion = 1;
	classes = {
	};
	objectVersion = 50;
	objects = {

/* Begin PBXBuildFile section */
		040FBB6824186D890022DA03 /* MainViewController.swift in Sources */ = {isa = PBXBuildFile; fileRef = 040FBB6724186D890022DA03 /* MainViewController.swift */; };
		040FBB6A241872850022DA03 /* StatsViewController.swift in Sources */ = {isa = PBXBuildFile; fileRef = 040FBB69241872850022DA03 /* StatsViewController.swift */; };
		040FBB6C2418919F0022DA03 /* AdviceViewController.swift in Sources */ = {isa = PBXBuildFile; fileRef = 040FBB6B2418919F0022DA03 /* AdviceViewController.swift */; };
		040FBB6E2418A3550022DA03 /* SymptomsViewController.swift in Sources */ = {isa = PBXBuildFile; fileRef = 040FBB6D2418A3550022DA03 /* SymptomsViewController.swift */; };
		040FBB70241A22FD0022DA03 /* DaweebViewController.swift in Sources */ = {isa = PBXBuildFile; fileRef = 040FBB6F241A22FD0022DA03 /* DaweebViewController.swift */; };
		04E334C02417F88400A334BE /* AppDelegate.swift in Sources */ = {isa = PBXBuildFile; fileRef = 04E334BF2417F88400A334BE /* AppDelegate.swift */; };
		04E334C22417F88400A334BE /* SceneDelegate.swift in Sources */ = {isa = PBXBuildFile; fileRef = 04E334C12417F88400A334BE /* SceneDelegate.swift */; };
		04E334C42417F88400A334BE /* ViewController.swift in Sources */ = {isa = PBXBuildFile; fileRef = 04E334C32417F88400A334BE /* ViewController.swift */; };
		04E334C72417F88400A334BE /* Main.storyboard in Resources */ = {isa = PBXBuildFile; fileRef = 04E334C52417F88400A334BE /* Main.storyboard */; };
		04E334C92417F88600A334BE /* Assets.xcassets in Resources */ = {isa = PBXBuildFile; fileRef = 04E334C82417F88600A334BE /* Assets.xcassets */; };
		04E334CC2417F88600A334BE /* LaunchScreen.storyboard in Resources */ = {isa = PBXBuildFile; fileRef = 04E334CA2417F88600A334BE /* LaunchScreen.storyboard */; };
		04E334D42417FE8700A334BE /* Cairo in Resources */ = {isa = PBXBuildFile; fileRef = 04E334D32417FE8700A334BE /* Cairo */; };
		04E334D62418013C00A334BE /* IBElements.swift in Sources */ = {isa = PBXBuildFile; fileRef = 04E334D52418013B00A334BE /* IBElements.swift */; };
/* End PBXBuildFile section */

/* Begin PBXFileReference section */
		040FBB6724186D890022DA03 /* MainViewController.swift */ = {isa = PBXFileReference; lastKnownFileType = sourcecode.swift; path = MainViewController.swift; sourceTree = "<group>"; };
		040FBB69241872850022DA03 /* StatsViewController.swift */ = {isa = PBXFileReference; lastKnownFileType = sourcecode.swift; path = StatsViewController.swift; sourceTree = "<group>"; };
		040FBB6B2418919F0022DA03 /* AdviceViewController.swift */ = {isa = PBXFileReference; lastKnownFileType = sourcecode.swift; path = AdviceViewController.swift; sourceTree = "<group>"; };
		040FBB6D2418A3550022DA03 /* SymptomsViewController.swift */ = {isa = PBXFileReference; lastKnownFileType = sourcecode.swift; path = SymptomsViewController.swift; sourceTree = "<group>"; };
		040FBB6F241A22FD0022DA03 /* DaweebViewController.swift */ = {isa = PBXFileReference; lastKnownFileType = sourcecode.swift; path = DaweebViewController.swift; sourceTree = "<group>"; };
		04E334BC2417F88400A334BE /* COVID-19KFAS.app */ = {isa = PBXFileReference; explicitFileType = wrapper.application; includeInIndex = 0; path = "COVID-19KFAS.app"; sourceTree = BUILT_PRODUCTS_DIR; };
		04E334BF2417F88400A334BE /* AppDelegate.swift */ = {isa = PBXFileReference; lastKnownFileType = sourcecode.swift; path = AppDelegate.swift; sourceTree = "<group>"; };
		04E334C12417F88400A334BE /* SceneDelegate.swift */ = {isa = PBXFileReference; lastKnownFileType = sourcecode.swift; path = SceneDelegate.swift; sourceTree = "<group>"; };
		04E334C32417F88400A334BE /* ViewController.swift */ = {isa = PBXFileReference; lastKnownFileType = sourcecode.swift; path = ViewController.swift; sourceTree = "<group>"; };
		04E334C62417F88400A334BE /* Base */ = {isa = PBXFileReference; lastKnownFileType = file.storyboard; name = Base; path = Base.lproj/Main.storyboard; sourceTree = "<group>"; };
		04E334C82417F88600A334BE /* Assets.xcassets */ = {isa = PBXFileReference; lastKnownFileType = folder.assetcatalog; path = Assets.xcassets; sourceTree = "<group>"; };
		04E334CB2417F88600A334BE /* Base */ = {isa = PBXFileReference; lastKnownFileType = file.storyboard; name = Base; path = Base.lproj/LaunchScreen.storyboard; sourceTree = "<group>"; };
		04E334CD2417F88600A334BE /* Info.plist */ = {isa = PBXFileReference; lastKnownFileType = text.plist.xml; path = Info.plist; sourceTree = "<group>"; };
		04E334D32417FE8700A334BE /* Cairo */ = {isa = PBXFileReference; lastKnownFileType = folder; path = Cairo; sourceTree = "<group>"; };
		04E334D52418013B00A334BE /* IBElements.swift */ = {isa = PBXFileReference; fileEncoding = 4; lastKnownFileType = sourcecode.swift; path = IBElements.swift; sourceTree = "<group>"; };
/* End PBXFileReference section */

/* Begin PBXFrameworksBuildPhase section */
		04E334B92417F88400A334BE /* Frameworks */ = {
			isa = PBXFrameworksBuildPhase;
			buildActionMask = 2147483647;
			files = (
			);
			runOnlyForDeploymentPostprocessing = 0;
		};
/* End PBXFrameworksBuildPhase section */

/* Begin PBXGroup section */
		04E334B32417F88400A334BE = {
			isa = PBXGroup;
			children = (
				04E334BE2417F88400A334BE /* COVID-19KFAS */,
				04E334BD2417F88400A334BE /* Products */,
			);
			sourceTree = "<group>";
		};
		04E334BD2417F88400A334BE /* Products */ = {
			isa = PBXGroup;
			children = (
				04E334BC2417F88400A334BE /* COVID-19KFAS.app */,
			);
			name = Products;
			sourceTree = "<group>";
		};
		04E334BE2417F88400A334BE /* COVID-19KFAS */ = {
			isa = PBXGroup;
			children = (
				04E334D52418013B00A334BE /* IBElements.swift */,
				04E334BF2417F88400A334BE /* AppDelegate.swift */,
				04E334C12417F88400A334BE /* SceneDelegate.swift */,
				04E334C32417F88400A334BE /* ViewController.swift */,
				04E334C52417F88400A334BE /* Main.storyboard */,
				040FBB6F241A22FD0022DA03 /* DaweebViewController.swift */,
				040FBB6D2418A3550022DA03 /* SymptomsViewController.swift */,
				040FBB6B2418919F0022DA03 /* AdviceViewController.swift */,
				040FBB6724186D890022DA03 /* MainViewController.swift */,
				040FBB69241872850022DA03 /* StatsViewController.swift */,
				04E334C82417F88600A334BE /* Assets.xcassets */,
				04E334CA2417F88600A334BE /* LaunchScreen.storyboard */,
				04E334CD2417F88600A334BE /* Info.plist */,
				04E334D32417FE8700A334BE /* Cairo */,
			);
			path = "COVID-19KFAS";
			sourceTree = "<group>";
		};
/* End PBXGroup section */

/* Begin PBXNativeTarget section */
		04E334BB2417F88400A334BE /* COVID-19KFAS */ = {
			isa = PBXNativeTarget;
			buildConfigurationList = 04E334D02417F88600A334BE /* Build configuration list for PBXNativeTarget "COVID-19KFAS" */;
			buildPhases = (
				04E334B82417F88400A334BE /* Sources */,
				04E334B92417F88400A334BE /* Frameworks */,
				04E334BA2417F88400A334BE /* Resources */,
			);
			buildRules = (
			);
			dependencies = (
			);
			name = "COVID-19KFAS";
			productName = "COVID-19KFAS";
			productReference = 04E334BC2417F88400A334BE /* COVID-19KFAS.app */;
			productType = "com.apple.product-type.application";
		};
/* End PBXNativeTarget section */

/* Begin PBXProject section */
		04E334B42417F88400A334BE /* Project object */ = {
			isa = PBXProject;
			attributes = {
				LastSwiftUpdateCheck = 1120;
				LastUpgradeCheck = 1120;
				ORGANIZATIONNAME = Sw2x;
				TargetAttributes = {
					04E334BB2417F88400A334BE = {
						CreatedOnToolsVersion = 11.2.1;
					};
				};
			};
			buildConfigurationList = 04E334B72417F88400A334BE /* Build configuration list for PBXProject "COVID-19KFAS" */;
			compatibilityVersion = "Xcode 9.3";
			developmentRegion = en;
			hasScannedForEncodings = 0;
			knownRegions = (
				en,
				Base,
			);
			mainGroup = 04E334B32417F88400A334BE;
			productRefGroup = 04E334BD2417F88400A334BE /* Products */;
			projectDirPath = "";
			projectRoot = "";
			targets = (
				04E334BB2417F88400A334BE /* COVID-19KFAS */,
			);
		};
/* End PBXProject section */

/* Begin PBXResourcesBuildPhase section */
		04E334BA2417F88400A334BE /* Resources */ = {
			isa = PBXResourcesBuildPhase;
			buildActionMask = 2147483647;
			files = (
				04E334CC2417F88600A334BE /* LaunchScreen.storyboard in Resources */,
				04E334C92417F88600A334BE /* Assets.xcassets in Resources */,
				04E334C72417F88400A334BE /* Main.storyboard in Resources */,
				04E334D42417FE8700A334BE /* Cairo in Resources */,
			);
			runOnlyForDeploymentPostprocessing = 0;
		};
/* End PBXResourcesBuildPhase section */

/* Begin PBXSourcesBuildPhase section */
		04E334B82417F88400A334BE /* Sources */ = {
			isa = PBXSourcesBuildPhase;
			buildActionMask = 2147483647;
			files = (
				04E334C42417F88400A334BE /* ViewController.swift in Sources */,
				04E334C02417F88400A334BE /* AppDelegate.swift in Sources */,
				040FBB6E2418A3550022DA03 /* SymptomsViewController.swift in Sources */,
				04E334C22417F88400A334BE /* SceneDelegate.swift in Sources */,
				040FBB6C2418919F0022DA03 /* AdviceViewController.swift in Sources */,
				040FBB70241A22FD0022DA03 /* DaweebViewController.swift in Sources */,
				04E334D62418013C00A334BE /* IBElements.swift in Sources */,
				040FBB6A241872850022DA03 /* StatsViewController.swift in Sources */,
				040FBB6824186D890022DA03 /* MainViewController.swift in Sources */,
			);
			runOnlyForDeploymentPostprocessing = 0;
		};
/* End PBXSourcesBuildPhase section */

/* Begin PBXVariantGroup section */
		04E334C52417F88400A334BE /* Main.storyboard */ = {
			isa = PBXVariantGroup;
			children = (
				04E334C62417F88400A334BE /* Base */,
			);
			name = Main.storyboard;
			sourceTree = "<group>";
		};
		04E334CA2417F88600A334BE /* LaunchScreen.storyboard */ = {
			isa = PBXVariantGroup;
			children = (
				04E334CB2417F88600A334BE /* Base */,
			);
			name = LaunchScreen.storyboard;
			sourceTree = "<group>";
		};
/* End PBXVariantGroup section */

/* Begin XCBuildConfiguration section */
		04E334CE2417F88600A334BE /* Debug */ = {
			isa = XCBuildConfiguration;
			buildSettings = {
				ALWAYS_SEARCH_USER_PATHS = NO;
				CLANG_ANALYZER_NONNULL = YES;
				CLANG_ANALYZER_NUMBER_OBJECT_CONVERSION = YES_AGGRESSIVE;
				CLANG_CXX_LANGUAGE_STANDARD = "gnu++14";
				CLANG_CXX_LIBRARY = "libc++";
				CLANG_ENABLE_MODULES = YES;
				CLANG_ENABLE_OBJC_ARC = YES;
				CLANG_ENABLE_OBJC_WEAK = YES;
				CLANG_WARN_BLOCK_CAPTURE_AUTORELEASING = YES;
				CLANG_WARN_BOOL_CONVERSION = YES;
				CLANG_WARN_COMMA = YES;
				CLANG_WARN_CONSTANT_CONVERSION = YES;
				CLANG_WARN_DEPRECATED_OBJC_IMPLEMENTATIONS = YES;
				CLANG_WARN_DIRECT_OBJC_ISA_USAGE = YES_ERROR;
				CLANG_WARN_DOCUMENTATION_COMMENTS = YES;
				CLANG_WARN_EMPTY_BODY = YES;
				CLANG_WARN_ENUM_CONVERSION = YES;
				CLANG_WARN_INFINITE_RECURSION = YES;
				CLANG_WARN_INT_CONVERSION = YES;
				CLANG_WARN_NON_LITERAL_NULL_CONVERSION = YES;
				CLANG_WARN_OBJC_IMPLICIT_RETAIN_SELF = YES;
				CLANG_WARN_OBJC_LITERAL_CONVERSION = YES;
				CLANG_WARN_OBJC_ROOT_CLASS = YES_ERROR;
				CLANG_WARN_RANGE_LOOP_ANALYSIS = YES;
				CLANG_WARN_STRICT_PROTOTYPES = YES;
				CLANG_WARN_SUSPICIOUS_MOVE = YES;
				CLANG_WARN_UNGUARDED_AVAILABILITY = YES_AGGRESSIVE;
				CLANG_WARN_UNREACHABLE_CODE = YES;
				CLANG_WARN__DUPLICATE_METHOD_MATCH = YES;
				COPY_PHASE_STRIP = NO;
				DEBUG_INFORMATION_FORMAT = dwarf;
				ENABLE_STRICT_OBJC_MSGSEND = YES;
				ENABLE_TESTABILITY = YES;
				GCC_C_LANGUAGE_STANDARD = gnu11;
				GCC_DYNAMIC_NO_PIC = NO;
				GCC_NO_COMMON_BLOCKS = YES;
				GCC_OPTIMIZATION_LEVEL = 0;
				GCC_PREPROCESSOR_DEFINITIONS = (
					"DEBUG=1",
					"$(inherited)",
				);
				GCC_WARN_64_TO_32_BIT_CONVERSION = YES;
				GCC_WARN_ABOUT_RETURN_TYPE = YES_ERROR;
				GCC_WARN_UNDECLARED_SELECTOR = YES;
				GCC_WARN_UNINITIALIZED_AUTOS = YES_AGGRESSIVE;
				GCC_WARN_UNUSED_FUNCTION = YES;
				GCC_WARN_UNUSED_VARIABLE = YES;
				IPHONEOS_DEPLOYMENT_TARGET = 10.0;
				MTL_ENABLE_DEBUG_INFO = INCLUDE_SOURCE;
				MTL_FAST_MATH = YES;
				ONLY_ACTIVE_ARCH = YES;
				SDKROOT = iphoneos;
				SWIFT_ACTIVE_COMPILATION_CONDITIONS = DEBUG;
				SWIFT_OPTIMIZATION_LEVEL = "-Onone";
			};
			name = Debug;
		};
		04E334CF2417F88600A334BE /* Release */ = {
			isa = XCBuildConfiguration;
			buildSettings = {
				ALWAYS_SEARCH_USER_PATHS = NO;
				CLANG_ANALYZER_NONNULL = YES;
				CLANG_ANALYZER_NUMBER_OBJECT_CONVERSION = YES_AGGRESSIVE;
				CLANG_CXX_LANGUAGE_STANDARD = "gnu++14";
				CLANG_CXX_LIBRARY = "libc++";
				CLANG_ENABLE_MODULES = YES;
				CLANG_ENABLE_OBJC_ARC = YES;
				CLANG_ENABLE_OBJC_WEAK = YES;
				CLANG_WARN_BLOCK_CAPTURE_AUTORELEASING = YES;
				CLANG_WARN_BOOL_CONVERSION = YES;
				CLANG_WARN_COMMA = YES;
				CLANG_WARN_CONSTANT_CONVERSION = YES;
				CLANG_WARN_DEPRECATED_OBJC_IMPLEMENTATIONS = YES;
				CLANG_WARN_DIRECT_OBJC_ISA_USAGE = YES_ERROR;
				CLANG_WARN_DOCUMENTATION_COMMENTS = YES;
				CLANG_WARN_EMPTY_BODY = YES;
				CLANG_WARN_ENUM_CONVERSION = YES;
				CLANG_WARN_INFINITE_RECURSION = YES;
				CLANG_WARN_INT_CONVERSION = YES;
				CLANG_WARN_NON_LITERAL_NULL_CONVERSION = YES;
				CLANG_WARN_OBJC_IMPLICIT_RETAIN_SELF = YES;
				CLANG_WARN_OBJC_LITERAL_CONVERSION = YES;
				CLANG_WARN_OBJC_ROOT_CLASS = YES_ERROR;
				CLANG_WARN_RANGE_LOOP_ANALYSIS = YES;
				CLANG_WARN_STRICT_PROTOTYPES = YES;
				CLANG_WARN_SUSPICIOUS_MOVE = YES;
				CLANG_WARN_UNGUARDED_AVAILABILITY = YES_AGGRESSIVE;
				CLANG_WARN_UNREACHABLE_CODE = YES;
				CLANG_WARN__DUPLICATE_METHOD_MATCH = YES;
				COPY_PHASE_STRIP = NO;
				DEBUG_INFORMATION_FORMAT = "dwarf-with-dsym";
				ENABLE_NS_ASSERTIONS = NO;
				ENABLE_STRICT_OBJC_MSGSEND = YES;
				GCC_C_LANGUAGE_STANDARD = gnu11;
				GCC_NO_COMMON_BLOCKS = YES;
				GCC_WARN_64_TO_32_BIT_CONVERSION = YES;
				GCC_WARN_ABOUT_RETURN_TYPE = YES_ERROR;
				GCC_WARN_UNDECLARED_SELECTOR = YES;
				GCC_WARN_UNINITIALIZED_AUTOS = YES_AGGRESSIVE;
				GCC_WARN_UNUSED_FUNCTION = YES;
				GCC_WARN_UNUSED_VARIABLE = YES;
				IPHONEOS_DEPLOYMENT_TARGET = 10.0;
				MTL_ENABLE_DEBUG_INFO = NO;
				MTL_FAST_MATH = YES;
				SDKROOT = iphoneos;
				SWIFT_COMPILATION_MODE = wholemodule;
				SWIFT_OPTIMIZATION_LEVEL = "-O";
				VALIDATE_PRODUCT = YES;
			};
			name = Release;
		};
		04E334D12417F88600A334BE /* Debug */ = {
			isa = XCBuildConfiguration;
			buildSettings = {
				ASSETCATALOG_COMPILER_APPICON_NAME = AppIcon;
				CODE_SIGN_STYLE = Automatic;
				DEVELOPMENT_TEAM = DUUDN8Q7WV;
				INFOPLIST_FILE = "COVID-19KFAS/Info.plist";
				LD_RUNPATH_SEARCH_PATHS = (
					"$(inherited)",
					"@executable_path/Frameworks",
				);
				PRODUCT_BUNDLE_IDENTIFIER = "com.sw2x.COVID-19KFAS";
				PRODUCT_NAME = "$(TARGET_NAME)";
				SWIFT_VERSION = 5.0;
				TARGETED_DEVICE_FAMILY = "1,2";
			};
			name = Debug;
		};
		04E334D22417F88600A334BE /* Release */ = {
			isa = XCBuildConfiguration;
			buildSettings = {
				ASSETCATALOG_COMPILER_APPICON_NAME = AppIcon;
				CODE_SIGN_STYLE = Automatic;
				DEVELOPMENT_TEAM = DUUDN8Q7WV;
				INFOPLIST_FILE = "COVID-19KFAS/Info.plist";
				LD_RUNPATH_SEARCH_PATHS = (
					"$(inherited)",
					"@executable_path/Frameworks",
				);
				PRODUCT_BUNDLE_IDENTIFIER = "com.sw2x.COVID-19KFAS";
				PRODUCT_NAME = "$(TARGET_NAME)";
				SWIFT_VERSION = 5.0;
				TARGETED_DEVICE_FAMILY = "1,2";
			};
			name = Release;
		};
/* End XCBuildConfiguration section */

/* Begin XCConfigurationList section */
		04E334B72417F88400A334BE /* Build configuration list for PBXProject "COVID-19KFAS" */ = {
			isa = XCConfigurationList;
			buildConfigurations = (
				04E334CE2417F88600A334BE /* Debug */,
				04E334CF2417F88600A334BE /* Release */,
			);
			defaultConfigurationIsVisible = 0;
			defaultConfigurationName = Release;
		};
		04E334D02417F88600A334BE /* Build configuration list for PBXNativeTarget "COVID-19KFAS" */ = {
			isa = XCConfigurationList;
			buildConfigurations = (
				04E334D12417F88600A334BE /* Debug */,
				04E334D22417F88600A334BE /* Release */,
			);
			defaultConfigurationIsVisible = 0;
			defaultConfigurationName = Release;
		};
/* End XCConfigurationList section */
	};
	rootObject = 04E334B42417F88400A334BE /* Project object */;
}
