// !$*UTF8*$!
{
	archiveVersion = 1;
	classes = {
	};
	objectVersion = 50;
	objects = {

/* Begin PBXBuildFile section */
		041AE91C24072A8F00A2D0BE /* AVFoundation.framework in Frameworks */ = {isa = PBXBuildFile; fileRef = 041AE91724072A1800A2D0BE /* AVFoundation.framework */; };
		041AE92024072CCE00A2D0BE /* wait.mp3 in Resources */ = {isa = PBXBuildFile; fileRef = 041AE91F24072CCE00A2D0BE /* wait.mp3 */; };
		041AE92224072CEE00A2D0BE /* accepted.mp3 in Resources */ = {isa = PBXBuildFile; fileRef = 041AE92124072CEE00A2D0BE /* accepted.mp3 */; };
		041AE92424072DFB00A2D0BE /* harder.mp3 in Resources */ = {isa = PBXBuildFile; fileRef = 041AE92324072DFB00A2D0BE /* harder.mp3 */; };
		041AE92624072E3A00A2D0BE /* fail.mp3 in Resources */ = {isa = PBXBuildFile; fileRef = 041AE92524072E3A00A2D0BE /* fail.mp3 */; };
		04A6C96024070398009DD4D0 /* AppDelegate.swift in Sources */ = {isa = PBXBuildFile; fileRef = 04A6C95F24070398009DD4D0 /* AppDelegate.swift */; };
		04A6C96224070398009DD4D0 /* SceneDelegate.swift in Sources */ = {isa = PBXBuildFile; fileRef = 04A6C96124070398009DD4D0 /* SceneDelegate.swift */; };
		04A6C96424070398009DD4D0 /* ViewController.swift in Sources */ = {isa = PBXBuildFile; fileRef = 04A6C96324070398009DD4D0 /* ViewController.swift */; };
		04A6C96724070398009DD4D0 /* Main.storyboard in Resources */ = {isa = PBXBuildFile; fileRef = 04A6C96524070398009DD4D0 /* Main.storyboard */; };
		04A6C9692407039C009DD4D0 /* Assets.xcassets in Resources */ = {isa = PBXBuildFile; fileRef = 04A6C9682407039C009DD4D0 /* Assets.xcassets */; };
		04A6C96C2407039C009DD4D0 /* LaunchScreen.storyboard in Resources */ = {isa = PBXBuildFile; fileRef = 04A6C96A2407039C009DD4D0 /* LaunchScreen.storyboard */; };
/* End PBXBuildFile section */

/* Begin PBXFileReference section */
		041AE91724072A1800A2D0BE /* AVFoundation.framework */ = {isa = PBXFileReference; lastKnownFileType = wrapper.framework; name = AVFoundation.framework; path = System/Library/Frameworks/AVFoundation.framework; sourceTree = SDKROOT; };
		041AE91F24072CCE00A2D0BE /* wait.mp3 */ = {isa = PBXFileReference; lastKnownFileType = audio.mp3; path = wait.mp3; sourceTree = "<group>"; };
		041AE92124072CEE00A2D0BE /* accepted.mp3 */ = {isa = PBXFileReference; lastKnownFileType = audio.mp3; name = accepted.mp3; path = "../../../../Day1/Other_Project/Flappy Omar/Flappy Omar/Flappy Omar/accepted.mp3"; sourceTree = "<group>"; };
		041AE92324072DFB00A2D0BE /* harder.mp3 */ = {isa = PBXFileReference; lastKnownFileType = audio.mp3; path = harder.mp3; sourceTree = "<group>"; };
		041AE92524072E3A00A2D0BE /* fail.mp3 */ = {isa = PBXFileReference; lastKnownFileType = audio.mp3; path = fail.mp3; sourceTree = "<group>"; };
		04A6C95C24070398009DD4D0 /* KuwaitUni-Calculator.app */ = {isa = PBXFileReference; explicitFileType = wrapper.application; includeInIndex = 0; path = "KuwaitUni-Calculator.app"; sourceTree = BUILT_PRODUCTS_DIR; };
		04A6C95F24070398009DD4D0 /* AppDelegate.swift */ = {isa = PBXFileReference; lastKnownFileType = sourcecode.swift; path = AppDelegate.swift; sourceTree = "<group>"; };
		04A6C96124070398009DD4D0 /* SceneDelegate.swift */ = {isa = PBXFileReference; lastKnownFileType = sourcecode.swift; path = SceneDelegate.swift; sourceTree = "<group>"; };
		04A6C96324070398009DD4D0 /* ViewController.swift */ = {isa = PBXFileReference; lastKnownFileType = sourcecode.swift; path = ViewController.swift; sourceTree = "<group>"; };
		04A6C96624070398009DD4D0 /* Base */ = {isa = PBXFileReference; lastKnownFileType = file.storyboard; name = Base; path = Base.lproj/Main.storyboard; sourceTree = "<group>"; };
		04A6C9682407039C009DD4D0 /* Assets.xcassets */ = {isa = PBXFileReference; lastKnownFileType = folder.assetcatalog; path = Assets.xcassets; sourceTree = "<group>"; };
		04A6C96B2407039C009DD4D0 /* Base */ = {isa = PBXFileReference; lastKnownFileType = file.storyboard; name = Base; path = Base.lproj/LaunchScreen.storyboard; sourceTree = "<group>"; };
		04A6C96D2407039C009DD4D0 /* Info.plist */ = {isa = PBXFileReference; lastKnownFileType = text.plist.xml; path = Info.plist; sourceTree = "<group>"; };
/* End PBXFileReference section */

/* Begin PBXFrameworksBuildPhase section */
		04A6C95924070398009DD4D0 /* Frameworks */ = {
			isa = PBXFrameworksBuildPhase;
			buildActionMask = 2147483647;
			files = (
				041AE91C24072A8F00A2D0BE /* AVFoundation.framework in Frameworks */,
			);
			runOnlyForDeploymentPostprocessing = 0;
		};
/* End PBXFrameworksBuildPhase section */

/* Begin PBXGroup section */
		041AE91624072A1800A2D0BE /* Frameworks */ = {
			isa = PBXGroup;
			children = (
				041AE91724072A1800A2D0BE /* AVFoundation.framework */,
			);
			name = Frameworks;
			sourceTree = "<group>";
		};
		04A6C95324070398009DD4D0 = {
			isa = PBXGroup;
			children = (
				04A6C95E24070398009DD4D0 /* KuwaitUni-Calculator */,
				04A6C95D24070398009DD4D0 /* Products */,
				041AE91624072A1800A2D0BE /* Frameworks */,
			);
			sourceTree = "<group>";
		};
		04A6C95D24070398009DD4D0 /* Products */ = {
			isa = PBXGroup;
			children = (
				04A6C95C24070398009DD4D0 /* KuwaitUni-Calculator.app */,
			);
			name = Products;
			sourceTree = "<group>";
		};
		04A6C95E24070398009DD4D0 /* KuwaitUni-Calculator */ = {
			isa = PBXGroup;
			children = (
				041AE92524072E3A00A2D0BE /* fail.mp3 */,
				041AE92324072DFB00A2D0BE /* harder.mp3 */,
				041AE92124072CEE00A2D0BE /* accepted.mp3 */,
				041AE91F24072CCE00A2D0BE /* wait.mp3 */,
				04A6C95F24070398009DD4D0 /* AppDelegate.swift */,
				04A6C96124070398009DD4D0 /* SceneDelegate.swift */,
				04A6C96324070398009DD4D0 /* ViewController.swift */,
				04A6C96524070398009DD4D0 /* Main.storyboard */,
				04A6C9682407039C009DD4D0 /* Assets.xcassets */,
				04A6C96A2407039C009DD4D0 /* LaunchScreen.storyboard */,
				04A6C96D2407039C009DD4D0 /* Info.plist */,
			);
			path = "KuwaitUni-Calculator";
			sourceTree = "<group>";
		};
/* End PBXGroup section */

/* Begin PBXNativeTarget section */
		04A6C95B24070398009DD4D0 /* KuwaitUni-Calculator */ = {
			isa = PBXNativeTarget;
			buildConfigurationList = 04A6C9702407039C009DD4D0 /* Build configuration list for PBXNativeTarget "KuwaitUni-Calculator" */;
			buildPhases = (
				04A6C95824070398009DD4D0 /* Sources */,
				04A6C95924070398009DD4D0 /* Frameworks */,
				04A6C95A24070398009DD4D0 /* Resources */,
			);
			buildRules = (
			);
			dependencies = (
			);
			name = "KuwaitUni-Calculator";
			productName = "KuwaitUni-Calculator";
			productReference = 04A6C95C24070398009DD4D0 /* KuwaitUni-Calculator.app */;
			productType = "com.apple.product-type.application";
		};
/* End PBXNativeTarget section */

/* Begin PBXProject section */
		04A6C95424070398009DD4D0 /* Project object */ = {
			isa = PBXProject;
			attributes = {
				LastSwiftUpdateCheck = 1120;
				LastUpgradeCheck = 1120;
				ORGANIZATIONNAME = Sw2x;
				TargetAttributes = {
					04A6C95B24070398009DD4D0 = {
						CreatedOnToolsVersion = 11.2.1;
					};
				};
			};
			buildConfigurationList = 04A6C95724070398009DD4D0 /* Build configuration list for PBXProject "KuwaitUni-Calculator" */;
			compatibilityVersion = "Xcode 9.3";
			developmentRegion = en;
			hasScannedForEncodings = 0;
			knownRegions = (
				en,
				Base,
			);
			mainGroup = 04A6C95324070398009DD4D0;
			productRefGroup = 04A6C95D24070398009DD4D0 /* Products */;
			projectDirPath = "";
			projectRoot = "";
			targets = (
				04A6C95B24070398009DD4D0 /* KuwaitUni-Calculator */,
			);
		};
/* End PBXProject section */

/* Begin PBXResourcesBuildPhase section */
		04A6C95A24070398009DD4D0 /* Resources */ = {
			isa = PBXResourcesBuildPhase;
			buildActionMask = 2147483647;
			files = (
				041AE92024072CCE00A2D0BE /* wait.mp3 in Resources */,
				04A6C96C2407039C009DD4D0 /* LaunchScreen.storyboard in Resources */,
				041AE92224072CEE00A2D0BE /* accepted.mp3 in Resources */,
				04A6C9692407039C009DD4D0 /* Assets.xcassets in Resources */,
				041AE92424072DFB00A2D0BE /* harder.mp3 in Resources */,
				04A6C96724070398009DD4D0 /* Main.storyboard in Resources */,
				041AE92624072E3A00A2D0BE /* fail.mp3 in Resources */,
			);
			runOnlyForDeploymentPostprocessing = 0;
		};
/* End PBXResourcesBuildPhase section */

/* Begin PBXSourcesBuildPhase section */
		04A6C95824070398009DD4D0 /* Sources */ = {
			isa = PBXSourcesBuildPhase;
			buildActionMask = 2147483647;
			files = (
				04A6C96424070398009DD4D0 /* ViewController.swift in Sources */,
				04A6C96024070398009DD4D0 /* AppDelegate.swift in Sources */,
				04A6C96224070398009DD4D0 /* SceneDelegate.swift in Sources */,
			);
			runOnlyForDeploymentPostprocessing = 0;
		};
/* End PBXSourcesBuildPhase section */

/* Begin PBXVariantGroup section */
		04A6C96524070398009DD4D0 /* Main.storyboard */ = {
			isa = PBXVariantGroup;
			children = (
				04A6C96624070398009DD4D0 /* Base */,
			);
			name = Main.storyboard;
			sourceTree = "<group>";
		};
		04A6C96A2407039C009DD4D0 /* LaunchScreen.storyboard */ = {
			isa = PBXVariantGroup;
			children = (
				04A6C96B2407039C009DD4D0 /* Base */,
			);
			name = LaunchScreen.storyboard;
			sourceTree = "<group>";
		};
/* End PBXVariantGroup section */

/* Begin XCBuildConfiguration section */
		04A6C96E2407039C009DD4D0 /* Debug */ = {
			isa = XCBuildConfiguration;
			buildSettings = {
				ALWAYS_SEARCH_USER_PATHS = NO;
				CLANG_ANALYZER_NONNULL = YES;
				CLANG_ANALYZER_NUMBER_OBJECT_CONVERSION = YES_AGGRESSIVE;
				CLANG_CXX_LANGUAGE_STANDARD = "gnu++14";
				CLANG_CXX_LIBRARY = "libc++";
				CLANG_ENABLE_MODULES = YES;
				CLANG_ENABLE_OBJC_ARC = YES;
				CLANG_ENABLE_OBJC_WEAK = YES;
				CLANG_WARN_BLOCK_CAPTURE_AUTORELEASING = YES;
				CLANG_WARN_BOOL_CONVERSION = YES;
				CLANG_WARN_COMMA = YES;
				CLANG_WARN_CONSTANT_CONVERSION = YES;
				CLANG_WARN_DEPRECATED_OBJC_IMPLEMENTATIONS = YES;
				CLANG_WARN_DIRECT_OBJC_ISA_USAGE = YES_ERROR;
				CLANG_WARN_DOCUMENTATION_COMMENTS = YES;
				CLANG_WARN_EMPTY_BODY = YES;
				CLANG_WARN_ENUM_CONVERSION = YES;
				CLANG_WARN_INFINITE_RECURSION = YES;
				CLANG_WARN_INT_CONVERSION = YES;
				CLANG_WARN_NON_LITERAL_NULL_CONVERSION = YES;
				CLANG_WARN_OBJC_IMPLICIT_RETAIN_SELF = YES;
				CLANG_WARN_OBJC_LITERAL_CONVERSION = YES;
				CLANG_WARN_OBJC_ROOT_CLASS = YES_ERROR;
				CLANG_WARN_RANGE_LOOP_ANALYSIS = YES;
				CLANG_WARN_STRICT_PROTOTYPES = YES;
				CLANG_WARN_SUSPICIOUS_MOVE = YES;
				CLANG_WARN_UNGUARDED_AVAILABILITY = YES_AGGRESSIVE;
				CLANG_WARN_UNREACHABLE_CODE = YES;
				CLANG_WARN__DUPLICATE_METHOD_MATCH = YES;
				COPY_PHASE_STRIP = NO;
				DEBUG_INFORMATION_FORMAT = dwarf;
				ENABLE_STRICT_OBJC_MSGSEND = YES;
				ENABLE_TESTABILITY = YES;
				GCC_C_LANGUAGE_STANDARD = gnu11;
				GCC_DYNAMIC_NO_PIC = NO;
				GCC_NO_COMMON_BLOCKS = YES;
				GCC_OPTIMIZATION_LEVEL = 0;
				GCC_PREPROCESSOR_DEFINITIONS = (
					"DEBUG=1",
					"$(inherited)",
				);
				GCC_WARN_64_TO_32_BIT_CONVERSION = YES;
				GCC_WARN_ABOUT_RETURN_TYPE = YES_ERROR;
				GCC_WARN_UNDECLARED_SELECTOR = YES;
				GCC_WARN_UNINITIALIZED_AUTOS = YES_AGGRESSIVE;
				GCC_WARN_UNUSED_FUNCTION = YES;
				GCC_WARN_UNUSED_VARIABLE = YES;
				IPHONEOS_DEPLOYMENT_TARGET = 13.2;
				MTL_ENABLE_DEBUG_INFO = INCLUDE_SOURCE;
				MTL_FAST_MATH = YES;
				ONLY_ACTIVE_ARCH = YES;
				SDKROOT = iphoneos;
				SWIFT_ACTIVE_COMPILATION_CONDITIONS = DEBUG;
				SWIFT_OPTIMIZATION_LEVEL = "-Onone";
			};
			name = Debug;
		};
		04A6C96F2407039C009DD4D0 /* Release */ = {
			isa = XCBuildConfiguration;
			buildSettings = {
				ALWAYS_SEARCH_USER_PATHS = NO;
				CLANG_ANALYZER_NONNULL = YES;
				CLANG_ANALYZER_NUMBER_OBJECT_CONVERSION = YES_AGGRESSIVE;
				CLANG_CXX_LANGUAGE_STANDARD = "gnu++14";
				CLANG_CXX_LIBRARY = "libc++";
				CLANG_ENABLE_MODULES = YES;
				CLANG_ENABLE_OBJC_ARC = YES;
				CLANG_ENABLE_OBJC_WEAK = YES;
				CLANG_WARN_BLOCK_CAPTURE_AUTORELEASING = YES;
				CLANG_WARN_BOOL_CONVERSION = YES;
				CLANG_WARN_COMMA = YES;
				CLANG_WARN_CONSTANT_CONVERSION = YES;
				CLANG_WARN_DEPRECATED_OBJC_IMPLEMENTATIONS = YES;
				CLANG_WARN_DIRECT_OBJC_ISA_USAGE = YES_ERROR;
				CLANG_WARN_DOCUMENTATION_COMMENTS = YES;
				CLANG_WARN_EMPTY_BODY = YES;
				CLANG_WARN_ENUM_CONVERSION = YES;
				CLANG_WARN_INFINITE_RECURSION = YES;
				CLANG_WARN_INT_CONVERSION = YES;
				CLANG_WARN_NON_LITERAL_NULL_CONVERSION = YES;
				CLANG_WARN_OBJC_IMPLICIT_RETAIN_SELF = YES;
				CLANG_WARN_OBJC_LITERAL_CONVERSION = YES;
				CLANG_WARN_OBJC_ROOT_CLASS = YES_ERROR;
				CLANG_WARN_RANGE_LOOP_ANALYSIS = YES;
				CLANG_WARN_STRICT_PROTOTYPES = YES;
				CLANG_WARN_SUSPICIOUS_MOVE = YES;
				CLANG_WARN_UNGUARDED_AVAILABILITY = YES_AGGRESSIVE;
				CLANG_WARN_UNREACHABLE_CODE = YES;
				CLANG_WARN__DUPLICATE_METHOD_MATCH = YES;
				COPY_PHASE_STRIP = NO;
				DEBUG_INFORMATION_FORMAT = "dwarf-with-dsym";
				ENABLE_NS_ASSERTIONS = NO;
				ENABLE_STRICT_OBJC_MSGSEND = YES;
				GCC_C_LANGUAGE_STANDARD = gnu11;
				GCC_NO_COMMON_BLOCKS = YES;
				GCC_WARN_64_TO_32_BIT_CONVERSION = YES;
				GCC_WARN_ABOUT_RETURN_TYPE = YES_ERROR;
				GCC_WARN_UNDECLARED_SELECTOR = YES;
				GCC_WARN_UNINITIALIZED_AUTOS = YES_AGGRESSIVE;
				GCC_WARN_UNUSED_FUNCTION = YES;
				GCC_WARN_UNUSED_VARIABLE = YES;
				IPHONEOS_DEPLOYMENT_TARGET = 13.2;
				MTL_ENABLE_DEBUG_INFO = NO;
				MTL_FAST_MATH = YES;
				SDKROOT = iphoneos;
				SWIFT_COMPILATION_MODE = wholemodule;
				SWIFT_OPTIMIZATION_LEVEL = "-O";
				VALIDATE_PRODUCT = YES;
			};
			name = Release;
		};
		04A6C9712407039C009DD4D0 /* Debug */ = {
			isa = XCBuildConfiguration;
			buildSettings = {
				ASSETCATALOG_COMPILER_APPICON_NAME = AppIcon;
				CODE_SIGN_STYLE = Automatic;
				DEVELOPMENT_TEAM = DUUDN8Q7WV;
				INFOPLIST_FILE = "KuwaitUni-Calculator/Info.plist";
				LD_RUNPATH_SEARCH_PATHS = (
					"$(inherited)",
					"@executable_path/Frameworks",
				);
				PRODUCT_BUNDLE_IDENTIFIER = "com.sw2x.KuwaitUni-Calculator";
				PRODUCT_NAME = "$(TARGET_NAME)";
				SWIFT_VERSION = 5.0;
				TARGETED_DEVICE_FAMILY = "1,2";
			};
			name = Debug;
		};
		04A6C9722407039C009DD4D0 /* Release */ = {
			isa = XCBuildConfiguration;
			buildSettings = {
				ASSETCATALOG_COMPILER_APPICON_NAME = AppIcon;
				CODE_SIGN_STYLE = Automatic;
				DEVELOPMENT_TEAM = DUUDN8Q7WV;
				INFOPLIST_FILE = "KuwaitUni-Calculator/Info.plist";
				LD_RUNPATH_SEARCH_PATHS = (
					"$(inherited)",
					"@executable_path/Frameworks",
				);
				PRODUCT_BUNDLE_IDENTIFIER = "com.sw2x.KuwaitUni-Calculator";
				PRODUCT_NAME = "$(TARGET_NAME)";
				SWIFT_VERSION = 5.0;
				TARGETED_DEVICE_FAMILY = "1,2";
			};
			name = Release;
		};
/* End XCBuildConfiguration section */

/* Begin XCConfigurationList section */
		04A6C95724070398009DD4D0 /* Build configuration list for PBXProject "KuwaitUni-Calculator" */ = {
			isa = XCConfigurationList;
			buildConfigurations = (
				04A6C96E2407039C009DD4D0 /* Debug */,
				04A6C96F2407039C009DD4D0 /* Release */,
			);
			defaultConfigurationIsVisible = 0;
			defaultConfigurationName = Release;
		};
		04A6C9702407039C009DD4D0 /* Build configuration list for PBXNativeTarget "KuwaitUni-Calculator" */ = {
			isa = XCConfigurationList;
			buildConfigurations = (
				04A6C9712407039C009DD4D0 /* Debug */,
				04A6C9722407039C009DD4D0 /* Release */,
			);
			defaultConfigurationIsVisible = 0;
			defaultConfigurationName = Release;
		};
/* End XCConfigurationList section */
	};
	rootObject = 04A6C95424070398009DD4D0 /* Project object */;
}
